
Microsoft Visual Studio Solution File, Format Version 12.00
# Visual Studio Version 17
VisualStudioVersion = 17.4.33103.184
MinimumVisualStudioVersion = 10.0.40219.1
Project("{FAE04EC0-301F-11D3-BF4B-00C04F79EFBC}") = "Case2", "Case2\Case2.csproj", "{A4A2250C-461E-406D-91B0-F19BDBD71126}"
EndProject
Global
	GlobalSection(SolutionConfigurationPlatforms) = preSolution
		Debug|Any CPU = Debug|Any CPU
		Release|Any CPU = Release|Any CPU
	EndGlobalSection
	GlobalSection(ProjectConfigurationPlatforms) = postSolution
		{A4A2250C-461E-406D-91B0-F19BDBD71126}.Debug|Any CPU.ActiveCfg = Debug|Any CPU
		{A4A2250C-461E-406D-91B0-F19BDBD71126}.Debug|Any CPU.Build.0 = Debug|Any CPU
		{A4A2250C-461E-406D-91B0-F19BDBD71126}.Release|Any CPU.ActiveCfg = Release|Any CPU
		{A4A2250C-461E-406D-91B0-F19BDBD71126}.Release|Any CPU.Build.0 = Release|Any CPU
	EndGlobalSection
	GlobalSection(SolutionProperties) = preSolution
		HideSolutionNode = FALSE
	EndGlobalSection
	GlobalSection(ExtensibilityGlobals) = postSolution
		SolutionGuid = {6B778B41-CD62-462A-9DBB-0C23F3350C16}
	EndGlobalSection
EndGlobal
